
Microsoft Visual Studio Solution File, Format Version 12.00
Project("{FAE04EC0-301F-11D3-BF4B-00C04F79EFBC}") = "sneakers", "sneakers\sneakers.csproj", "{786428CC-D4B8-45FF-BC8A-467A6F02F39D}"
EndProject
Global
	GlobalSection(SolutionConfigurationPlatforms) = preSolution
		Debug|Any CPU = Debug|Any CPU
		Release|Any CPU = Release|Any CPU
	EndGlobalSection
	GlobalSection(ProjectConfigurationPlatforms) = postSolution
		{786428CC-D4B8-45FF-BC8A-467A6F02F39D}.Debug|Any CPU.ActiveCfg = Debug|Any CPU
		{786428CC-D4B8-45FF-BC8A-467A6F02F39D}.Debug|Any CPU.Build.0 = Debug|Any CPU
		{786428CC-D4B8-45FF-BC8A-467A6F02F39D}.Release|Any CPU.ActiveCfg = Release|Any CPU
		{786428CC-D4B8-45FF-BC8A-467A6F02F39D}.Release|Any CPU.Build.0 = Release|Any CPU
	EndGlobalSection
EndGlobal
